// !$*UTF8*$!
{
	archiveVersion = 1;
	classes = {
	};
	objectVersion = 56;
	objects = {

/* Begin PBXBuildFile section */
		30715500D7B806809146F8C7 /* Pods_TvShows.framework in Frameworks */ = {isa = PBXBuildFile; fileRef = A95575B5037E1AD0C22E3CB9 /* Pods_TvShows.framework */; };
		37362BCA2A5AE8BF00E2BAB7 /* ReusableCollectionViewCell.swift in Sources */ = {isa = PBXBuildFile; fileRef = 37362BC82A5AE8BF00E2BAB7 /* ReusableCollectionViewCell.swift */; };
		37362BCB2A5AE8BF00E2BAB7 /* ReusableCollectionViewCell.xib in Resources */ = {isa = PBXBuildFile; fileRef = 37362BC92A5AE8BF00E2BAB7 /* ReusableCollectionViewCell.xib */; };
		37582C652A5B015A0008BCEC /* GenreBadge.swift in Sources */ = {isa = PBXBuildFile; fileRef = 37582C642A5B015A0008BCEC /* GenreBadge.swift */; };
		37582C6B2A5B01750008BCEC /* GenreBadge.xib in Resources */ = {isa = PBXBuildFile; fileRef = 37582C6A2A5B01750008BCEC /* GenreBadge.xib */; };
		37582C7D2A5B04B40008BCEC /* Ext_UIColor.swift in Sources */ = {isa = PBXBuildFile; fileRef = 37582C7C2A5B04B40008BCEC /* Ext_UIColor.swift */; };
		375F05152A5DBE5A003483B5 /* CollectionViewReusableViewHeader.swift in Sources */ = {isa = PBXBuildFile; fileRef = 375F05132A5DBE5A003483B5 /* CollectionViewReusableViewHeader.swift */; };
		375F05162A5DBE5A003483B5 /* CollectionViewReusableViewHeader.xib in Resources */ = {isa = PBXBuildFile; fileRef = 375F05142A5DBE5A003483B5 /* CollectionViewReusableViewHeader.xib */; };
		3774D84C2A548A7900E4047E /* Data.framework in Frameworks */ = {isa = PBXBuildFile; fileRef = 3774D8472A548A4400E4047E /* Data.framework */; };
		3774D84D2A548A7900E4047E /* Data.framework in Embed Frameworks */ = {isa = PBXBuildFile; fileRef = 3774D8472A548A4400E4047E /* Data.framework */; settings = {ATTRIBUTES = (CodeSignOnCopy, RemoveHeadersOnCopy, ); }; };
		37D1B2792A62C6650081861F /* Ext_Array.swift in Sources */ = {isa = PBXBuildFile; fileRef = 37D1B2782A62C6650081861F /* Ext_Array.swift */; };
		37D1B2952A62DA440081861F /* TvShowDetailsVC.swift in Sources */ = {isa = PBXBuildFile; fileRef = 37D1B2932A62DA440081861F /* TvShowDetailsVC.swift */; };
		37D1B2962A62DA440081861F /* TvShowDetailsVC.xib in Resources */ = {isa = PBXBuildFile; fileRef = 37D1B2942A62DA440081861F /* TvShowDetailsVC.xib */; };
		37D1B2982A62DA670081861F /* TvShowDetailsViewModel.swift in Sources */ = {isa = PBXBuildFile; fileRef = 37D1B2972A62DA670081861F /* TvShowDetailsViewModel.swift */; };
		37D1B29A2A62DAA00081861F /* TvShowDetailsState.swift in Sources */ = {isa = PBXBuildFile; fileRef = 37D1B2992A62DAA00081861F /* TvShowDetailsState.swift */; };
		37D1B29C2A62DAAE0081861F /* TvShowDetailsEvents.swift in Sources */ = {isa = PBXBuildFile; fileRef = 37D1B29B2A62DAAE0081861F /* TvShowDetailsEvents.swift */; };
		37D1B29F2A63EF790081861F /* OverviewView.swift in Sources */ = {isa = PBXBuildFile; fileRef = 37D1B29E2A63EF790081861F /* OverviewView.swift */; };
		37D1B2A12A63EF880081861F /* OverviewView.xib in Resources */ = {isa = PBXBuildFile; fileRef = 37D1B2A02A63EF880081861F /* OverviewView.xib */; };
		37D1B2BB2A6418400081861F /* Ext_UIColor_colors.swift in Sources */ = {isa = PBXBuildFile; fileRef = 37D1B2BA2A6418400081861F /* Ext_UIColor_colors.swift */; };
		37D1B2CE2A641F620081861F /* Mulish-MediumItalic.ttf in Resources */ = {isa = PBXBuildFile; fileRef = 37D1B2BE2A641F600081861F /* Mulish-MediumItalic.ttf */; };
		37D1B2CF2A641F620081861F /* Mulish-LightItalic.ttf in Resources */ = {isa = PBXBuildFile; fileRef = 37D1B2BF2A641F600081861F /* Mulish-LightItalic.ttf */; };
		37D1B2D02A641F620081861F /* Mulish-Italic.ttf in Resources */ = {isa = PBXBuildFile; fileRef = 37D1B2C02A641F600081861F /* Mulish-Italic.ttf */; };
		37D1B2D12A641F620081861F /* Mulish-ExtraBoldItalic.ttf in Resources */ = {isa = PBXBuildFile; fileRef = 37D1B2C12A641F610081861F /* Mulish-ExtraBoldItalic.ttf */; };
		37D1B2D22A641F620081861F /* Mulish-Bold.ttf in Resources */ = {isa = PBXBuildFile; fileRef = 37D1B2C22A641F610081861F /* Mulish-Bold.ttf */; };
		37D1B2D32A641F620081861F /* Mulish-ExtraLightItalic.ttf in Resources */ = {isa = PBXBuildFile; fileRef = 37D1B2C32A641F610081861F /* Mulish-ExtraLightItalic.ttf */; };
		37D1B2D42A641F620081861F /* Mulish-SemiBold.ttf in Resources */ = {isa = PBXBuildFile; fileRef = 37D1B2C42A641F610081861F /* Mulish-SemiBold.ttf */; };
		37D1B2D52A641F620081861F /* Mulish-Black.ttf in Resources */ = {isa = PBXBuildFile; fileRef = 37D1B2C52A641F610081861F /* Mulish-Black.ttf */; };
		37D1B2D62A641F620081861F /* Mulish-SemiBoldItalic.ttf in Resources */ = {isa = PBXBuildFile; fileRef = 37D1B2C62A641F610081861F /* Mulish-SemiBoldItalic.ttf */; };
		37D1B2D72A641F620081861F /* Mulish-ExtraLight.ttf in Resources */ = {isa = PBXBuildFile; fileRef = 37D1B2C72A641F610081861F /* Mulish-ExtraLight.ttf */; };
		37D1B2D82A641F620081861F /* Mulish-Regular.ttf in Resources */ = {isa = PBXBuildFile; fileRef = 37D1B2C82A641F610081861F /* Mulish-Regular.ttf */; };
		37D1B2D92A641F620081861F /* Mulish-Light.ttf in Resources */ = {isa = PBXBuildFile; fileRef = 37D1B2C92A641F610081861F /* Mulish-Light.ttf */; };
		37D1B2DA2A641F620081861F /* Mulish-BlackItalic.ttf in Resources */ = {isa = PBXBuildFile; fileRef = 37D1B2CA2A641F620081861F /* Mulish-BlackItalic.ttf */; };
		37D1B2DB2A641F620081861F /* Mulish-ExtraBold.ttf in Resources */ = {isa = PBXBuildFile; fileRef = 37D1B2CB2A641F620081861F /* Mulish-ExtraBold.ttf */; };
		37D1B2DC2A641F620081861F /* Mulish-Medium.ttf in Resources */ = {isa = PBXBuildFile; fileRef = 37D1B2CC2A641F620081861F /* Mulish-Medium.ttf */; };
		37D1B2DD2A641F620081861F /* Mulish-BoldItalic.ttf in Resources */ = {isa = PBXBuildFile; fileRef = 37D1B2CD2A641F620081861F /* Mulish-BoldItalic.ttf */; };
		37D1B2E02A641FB00081861F /* TextStyle.swift in Sources */ = {isa = PBXBuildFile; fileRef = 37D1B2DF2A641FB00081861F /* TextStyle.swift */; };
		37D1B2E22A641FF30081861F /* Font.swift in Sources */ = {isa = PBXBuildFile; fileRef = 37D1B2E12A641FF30081861F /* Font.swift */; };
		37D1B2EC2A6422380081861F /* loading.json in Resources */ = {isa = PBXBuildFile; fileRef = 37D1B2EB2A6422380081861F /* loading.json */; };
		37E3B3942A50484300453170 /* AppDelegate.swift in Sources */ = {isa = PBXBuildFile; fileRef = 37E3B3932A50484300453170 /* AppDelegate.swift */; };
		37E3B39D2A50484700453170 /* Assets.xcassets in Resources */ = {isa = PBXBuildFile; fileRef = 37E3B39C2A50484700453170 /* Assets.xcassets */; };
		37E3B3A02A50484700453170 /* LaunchScreen.storyboard in Resources */ = {isa = PBXBuildFile; fileRef = 37E3B39E2A50484700453170 /* LaunchScreen.storyboard */; };
		37E3B3AF2A50504500453170 /* TvShowsLandingVC.swift in Sources */ = {isa = PBXBuildFile; fileRef = 37E3B3AD2A50504500453170 /* TvShowsLandingVC.swift */; };
		37E3B3B02A50504500453170 /* TvShowsLandingVC.xib in Resources */ = {isa = PBXBuildFile; fileRef = 37E3B3AE2A50504500453170 /* TvShowsLandingVC.xib */; };
		37E3B3B22A50550D00453170 /* Coordinator.swift in Sources */ = {isa = PBXBuildFile; fileRef = 37E3B3B12A50550D00453170 /* Coordinator.swift */; };
		37E3B3B42A50587000453170 /* MainCoordinator.swift in Sources */ = {isa = PBXBuildFile; fileRef = 37E3B3B32A50587000453170 /* MainCoordinator.swift */; };
		37E3B3CF2A51A4DA00453170 /* TvShowsLandingViewModel.swift in Sources */ = {isa = PBXBuildFile; fileRef = 37E3B3CE2A51A4DA00453170 /* TvShowsLandingViewModel.swift */; };
		37E3B3D12A51A52400453170 /* TvShowsLandingState.swift in Sources */ = {isa = PBXBuildFile; fileRef = 37E3B3D02A51A52400453170 /* TvShowsLandingState.swift */; };
		37E3B3D32A51A53600453170 /* TvShowsLandingEvents.swift in Sources */ = {isa = PBXBuildFile; fileRef = 37E3B3D22A51A53600453170 /* TvShowsLandingEvents.swift */; };
		37E3B3D62A51A75E00453170 /* BaseViewModel.swift in Sources */ = {isa = PBXBuildFile; fileRef = 37E3B3D52A51A75E00453170 /* BaseViewModel.swift */; };
		37E3B3D82A51AD4B00453170 /* BaseNavigation.swift in Sources */ = {isa = PBXBuildFile; fileRef = 37E3B3D72A51AD4B00453170 /* BaseNavigation.swift */; };
		37E3B3DA2A51B1A600453170 /* CoordinatorKeyImpl.swift in Sources */ = {isa = PBXBuildFile; fileRef = 37E3B3D92A51B1A600453170 /* CoordinatorKeyImpl.swift */; };
		37E3B3DD2A51B25200453170 /* Ext_RXSwift.swift in Sources */ = {isa = PBXBuildFile; fileRef = 37E3B3DC2A51B25200453170 /* Ext_RXSwift.swift */; };
		37E3B4302A51BAAE00453170 /* Domain.framework in Frameworks */ = {isa = PBXBuildFile; fileRef = 37E3B42D2A51BA7700453170 /* Domain.framework */; };
		37E3B4312A51BAAE00453170 /* Domain.framework in Embed Frameworks */ = {isa = PBXBuildFile; fileRef = 37E3B42D2A51BA7700453170 /* Domain.framework */; settings = {ATTRIBUTES = (CodeSignOnCopy, RemoveHeadersOnCopy, ); }; };
/* End PBXBuildFile section */

/* Begin PBXContainerItemProxy section */
		3774D8462A548A4400E4047E /* PBXContainerItemProxy */ = {
			isa = PBXContainerItemProxy;
			containerPortal = 3774D8412A548A4400E4047E /* Data.xcodeproj */;
			proxyType = 2;
			remoteGlobalIDString = 37E3B4542A51BEF200453170;
			remoteInfo = Data;
		};
		3774D8482A548A4400E4047E /* PBXContainerItemProxy */ = {
			isa = PBXContainerItemProxy;
			containerPortal = 3774D8412A548A4400E4047E /* Data.xcodeproj */;
			proxyType = 2;
			remoteGlobalIDString = 37E3B45E2A51BEF200453170;
			remoteInfo = DataTests;
		};
		37E3B42C2A51BA7700453170 /* PBXContainerItemProxy */ = {
			isa = PBXContainerItemProxy;
			containerPortal = 37E3B4272A51BA7700453170 /* Domain.xcodeproj */;
			proxyType = 2;
			remoteGlobalIDString = 37E3B40C2A51B94700453170;
			remoteInfo = Domain;
		};
		37E3B42E2A51BA7700453170 /* PBXContainerItemProxy */ = {
			isa = PBXContainerItemProxy;
			containerPortal = 37E3B4272A51BA7700453170 /* Domain.xcodeproj */;
			proxyType = 2;
			remoteGlobalIDString = 37E3B4162A51B94700453170;
			remoteInfo = DomainTests;
		};
/* End PBXContainerItemProxy section */

/* Begin PBXCopyFilesBuildPhase section */
		37E3B4322A51BAAE00453170 /* Embed Frameworks */ = {
			isa = PBXCopyFilesBuildPhase;
			buildActionMask = 2147483647;
			dstPath = "";
			dstSubfolderSpec = 10;
			files = (
				3774D84D2A548A7900E4047E /* Data.framework in Embed Frameworks */,
				37E3B4312A51BAAE00453170 /* Domain.framework in Embed Frameworks */,
			);
			name = "Embed Frameworks";
			runOnlyForDeploymentPostprocessing = 0;
		};
/* End PBXCopyFilesBuildPhase section */

/* Begin PBXFileReference section */
		37362BC82A5AE8BF00E2BAB7 /* ReusableCollectionViewCell.swift */ = {isa = PBXFileReference; lastKnownFileType = sourcecode.swift; path = ReusableCollectionViewCell.swift; sourceTree = "<group>"; };
		37362BC92A5AE8BF00E2BAB7 /* ReusableCollectionViewCell.xib */ = {isa = PBXFileReference; lastKnownFileType = file.xib; path = ReusableCollectionViewCell.xib; sourceTree = "<group>"; };
		37582C642A5B015A0008BCEC /* GenreBadge.swift */ = {isa = PBXFileReference; lastKnownFileType = sourcecode.swift; path = GenreBadge.swift; sourceTree = "<group>"; };
		37582C6A2A5B01750008BCEC /* GenreBadge.xib */ = {isa = PBXFileReference; lastKnownFileType = file.xib; path = GenreBadge.xib; sourceTree = "<group>"; };
		37582C7C2A5B04B40008BCEC /* Ext_UIColor.swift */ = {isa = PBXFileReference; lastKnownFileType = sourcecode.swift; path = Ext_UIColor.swift; sourceTree = "<group>"; };
		375F05132A5DBE5A003483B5 /* CollectionViewReusableViewHeader.swift */ = {isa = PBXFileReference; lastKnownFileType = sourcecode.swift; path = CollectionViewReusableViewHeader.swift; sourceTree = "<group>"; };
		375F05142A5DBE5A003483B5 /* CollectionViewReusableViewHeader.xib */ = {isa = PBXFileReference; lastKnownFileType = file.xib; path = CollectionViewReusableViewHeader.xib; sourceTree = "<group>"; };
		3774D8412A548A4400E4047E /* Data.xcodeproj */ = {isa = PBXFileReference; lastKnownFileType = "wrapper.pb-project"; name = Data.xcodeproj; path = Data/Data.xcodeproj; sourceTree = "<group>"; };
		37D1B2782A62C6650081861F /* Ext_Array.swift */ = {isa = PBXFileReference; lastKnownFileType = sourcecode.swift; path = Ext_Array.swift; sourceTree = "<group>"; };
		37D1B2932A62DA440081861F /* TvShowDetailsVC.swift */ = {isa = PBXFileReference; lastKnownFileType = sourcecode.swift; path = TvShowDetailsVC.swift; sourceTree = "<group>"; };
		37D1B2942A62DA440081861F /* TvShowDetailsVC.xib */ = {isa = PBXFileReference; lastKnownFileType = file.xib; path = TvShowDetailsVC.xib; sourceTree = "<group>"; };
		37D1B2972A62DA670081861F /* TvShowDetailsViewModel.swift */ = {isa = PBXFileReference; lastKnownFileType = sourcecode.swift; path = TvShowDetailsViewModel.swift; sourceTree = "<group>"; };
		37D1B2992A62DAA00081861F /* TvShowDetailsState.swift */ = {isa = PBXFileReference; lastKnownFileType = sourcecode.swift; path = TvShowDetailsState.swift; sourceTree = "<group>"; };
		37D1B29B2A62DAAE0081861F /* TvShowDetailsEvents.swift */ = {isa = PBXFileReference; lastKnownFileType = sourcecode.swift; path = TvShowDetailsEvents.swift; sourceTree = "<group>"; };
		37D1B29E2A63EF790081861F /* OverviewView.swift */ = {isa = PBXFileReference; lastKnownFileType = sourcecode.swift; path = OverviewView.swift; sourceTree = "<group>"; };
		37D1B2A02A63EF880081861F /* OverviewView.xib */ = {isa = PBXFileReference; lastKnownFileType = file.xib; path = OverviewView.xib; sourceTree = "<group>"; };
		37D1B2BA2A6418400081861F /* Ext_UIColor_colors.swift */ = {isa = PBXFileReference; lastKnownFileType = sourcecode.swift; path = Ext_UIColor_colors.swift; sourceTree = "<group>"; };
		37D1B2BE2A641F600081861F /* Mulish-MediumItalic.ttf */ = {isa = PBXFileReference; lastKnownFileType = file; path = "Mulish-MediumItalic.ttf"; sourceTree = "<group>"; };
		37D1B2BF2A641F600081861F /* Mulish-LightItalic.ttf */ = {isa = PBXFileReference; lastKnownFileType = file; path = "Mulish-LightItalic.ttf"; sourceTree = "<group>"; };
		37D1B2C02A641F600081861F /* Mulish-Italic.ttf */ = {isa = PBXFileReference; lastKnownFileType = file; path = "Mulish-Italic.ttf"; sourceTree = "<group>"; };
		37D1B2C12A641F610081861F /* Mulish-ExtraBoldItalic.ttf */ = {isa = PBXFileReference; lastKnownFileType = file; path = "Mulish-ExtraBoldItalic.ttf"; sourceTree = "<group>"; };
		37D1B2C22A641F610081861F /* Mulish-Bold.ttf */ = {isa = PBXFileReference; lastKnownFileType = file; path = "Mulish-Bold.ttf"; sourceTree = "<group>"; };
		37D1B2C32A641F610081861F /* Mulish-ExtraLightItalic.ttf */ = {isa = PBXFileReference; lastKnownFileType = file; path = "Mulish-ExtraLightItalic.ttf"; sourceTree = "<group>"; };
		37D1B2C42A641F610081861F /* Mulish-SemiBold.ttf */ = {isa = PBXFileReference; lastKnownFileType = file; path = "Mulish-SemiBold.ttf"; sourceTree = "<group>"; };
		37D1B2C52A641F610081861F /* Mulish-Black.ttf */ = {isa = PBXFileReference; lastKnownFileType = file; path = "Mulish-Black.ttf"; sourceTree = "<group>"; };
		37D1B2C62A641F610081861F /* Mulish-SemiBoldItalic.ttf */ = {isa = PBXFileReference; lastKnownFileType = file; path = "Mulish-SemiBoldItalic.ttf"; sourceTree = "<group>"; };
		37D1B2C72A641F610081861F /* Mulish-ExtraLight.ttf */ = {isa = PBXFileReference; lastKnownFileType = file; path = "Mulish-ExtraLight.ttf"; sourceTree = "<group>"; };
		37D1B2C82A641F610081861F /* Mulish-Regular.ttf */ = {isa = PBXFileReference; lastKnownFileType = file; path = "Mulish-Regular.ttf"; sourceTree = "<group>"; };
		37D1B2C92A641F610081861F /* Mulish-Light.ttf */ = {isa = PBXFileReference; lastKnownFileType = file; path = "Mulish-Light.ttf"; sourceTree = "<group>"; };
		37D1B2CA2A641F620081861F /* Mulish-BlackItalic.ttf */ = {isa = PBXFileReference; lastKnownFileType = file; path = "Mulish-BlackItalic.ttf"; sourceTree = "<group>"; };
		37D1B2CB2A641F620081861F /* Mulish-ExtraBold.ttf */ = {isa = PBXFileReference; lastKnownFileType = file; path = "Mulish-ExtraBold.ttf"; sourceTree = "<group>"; };
		37D1B2CC2A641F620081861F /* Mulish-Medium.ttf */ = {isa = PBXFileReference; lastKnownFileType = file; path = "Mulish-Medium.ttf"; sourceTree = "<group>"; };
		37D1B2CD2A641F620081861F /* Mulish-BoldItalic.ttf */ = {isa = PBXFileReference; lastKnownFileType = file; path = "Mulish-BoldItalic.ttf"; sourceTree = "<group>"; };
		37D1B2DF2A641FB00081861F /* TextStyle.swift */ = {isa = PBXFileReference; lastKnownFileType = sourcecode.swift; path = TextStyle.swift; sourceTree = "<group>"; };
		37D1B2E12A641FF30081861F /* Font.swift */ = {isa = PBXFileReference; lastKnownFileType = sourcecode.swift; path = Font.swift; sourceTree = "<group>"; };
		37D1B2EB2A6422380081861F /* loading.json */ = {isa = PBXFileReference; fileEncoding = 4; lastKnownFileType = text.json; path = loading.json; sourceTree = "<group>"; };
		37E3B3902A50484300453170 /* TvShows.app */ = {isa = PBXFileReference; explicitFileType = wrapper.application; includeInIndex = 0; path = TvShows.app; sourceTree = BUILT_PRODUCTS_DIR; };
		37E3B3932A50484300453170 /* AppDelegate.swift */ = {isa = PBXFileReference; lastKnownFileType = sourcecode.swift; path = AppDelegate.swift; sourceTree = "<group>"; };
		37E3B39C2A50484700453170 /* Assets.xcassets */ = {isa = PBXFileReference; lastKnownFileType = folder.assetcatalog; path = Assets.xcassets; sourceTree = "<group>"; };
		37E3B39F2A50484700453170 /* Base */ = {isa = PBXFileReference; lastKnownFileType = file.storyboard; name = Base; path = Base.lproj/LaunchScreen.storyboard; sourceTree = "<group>"; };
		37E3B3A12A50484700453170 /* Info.plist */ = {isa = PBXFileReference; lastKnownFileType = text.plist.xml; path = Info.plist; sourceTree = "<group>"; };
		37E3B3AD2A50504500453170 /* TvShowsLandingVC.swift */ = {isa = PBXFileReference; lastKnownFileType = sourcecode.swift; path = TvShowsLandingVC.swift; sourceTree = "<group>"; };
		37E3B3AE2A50504500453170 /* TvShowsLandingVC.xib */ = {isa = PBXFileReference; lastKnownFileType = file.xib; path = TvShowsLandingVC.xib; sourceTree = "<group>"; };
		37E3B3B12A50550D00453170 /* Coordinator.swift */ = {isa = PBXFileReference; lastKnownFileType = sourcecode.swift; path = Coordinator.swift; sourceTree = "<group>"; };
		37E3B3B32A50587000453170 /* MainCoordinator.swift */ = {isa = PBXFileReference; lastKnownFileType = sourcecode.swift; path = MainCoordinator.swift; sourceTree = "<group>"; };
		37E3B3CE2A51A4DA00453170 /* TvShowsLandingViewModel.swift */ = {isa = PBXFileReference; lastKnownFileType = sourcecode.swift; path = TvShowsLandingViewModel.swift; sourceTree = "<group>"; };
		37E3B3D02A51A52400453170 /* TvShowsLandingState.swift */ = {isa = PBXFileReference; lastKnownFileType = sourcecode.swift; path = TvShowsLandingState.swift; sourceTree = "<group>"; };
		37E3B3D22A51A53600453170 /* TvShowsLandingEvents.swift */ = {isa = PBXFileReference; lastKnownFileType = sourcecode.swift; path = TvShowsLandingEvents.swift; sourceTree = "<group>"; };
		37E3B3D52A51A75E00453170 /* BaseViewModel.swift */ = {isa = PBXFileReference; lastKnownFileType = sourcecode.swift; path = BaseViewModel.swift; sourceTree = "<group>"; };
		37E3B3D72A51AD4B00453170 /* BaseNavigation.swift */ = {isa = PBXFileReference; lastKnownFileType = sourcecode.swift; path = BaseNavigation.swift; sourceTree = "<group>"; };
		37E3B3D92A51B1A600453170 /* CoordinatorKeyImpl.swift */ = {isa = PBXFileReference; lastKnownFileType = sourcecode.swift; path = CoordinatorKeyImpl.swift; sourceTree = "<group>"; };
		37E3B3DC2A51B25200453170 /* Ext_RXSwift.swift */ = {isa = PBXFileReference; lastKnownFileType = sourcecode.swift; path = Ext_RXSwift.swift; sourceTree = "<group>"; };
		37E3B4272A51BA7700453170 /* Domain.xcodeproj */ = {isa = PBXFileReference; lastKnownFileType = "wrapper.pb-project"; name = Domain.xcodeproj; path = Domain/Domain.xcodeproj; sourceTree = "<group>"; };
		A95575B5037E1AD0C22E3CB9 /* Pods_TvShows.framework */ = {isa = PBXFileReference; explicitFileType = wrapper.framework; includeInIndex = 0; path = Pods_TvShows.framework; sourceTree = BUILT_PRODUCTS_DIR; };
		D6315D962E797CE29D5A284F /* Pods-TvShows.release.xcconfig */ = {isa = PBXFileReference; includeInIndex = 1; lastKnownFileType = text.xcconfig; name = "Pods-TvShows.release.xcconfig"; path = "Target Support Files/Pods-TvShows/Pods-TvShows.release.xcconfig"; sourceTree = "<group>"; };
		F1173CB7BA27134D27BCA503 /* Pods-TvShows.debug.xcconfig */ = {isa = PBXFileReference; includeInIndex = 1; lastKnownFileType = text.xcconfig; name = "Pods-TvShows.debug.xcconfig"; path = "Target Support Files/Pods-TvShows/Pods-TvShows.debug.xcconfig"; sourceTree = "<group>"; };
/* End PBXFileReference section */

/* Begin PBXFrameworksBuildPhase section */
		37E3B38D2A50484300453170 /* Frameworks */ = {
			isa = PBXFrameworksBuildPhase;
			buildActionMask = 2147483647;
			files = (
				3774D84C2A548A7900E4047E /* Data.framework in Frameworks */,
				37E3B4302A51BAAE00453170 /* Domain.framework in Frameworks */,
				30715500D7B806809146F8C7 /* Pods_TvShows.framework in Frameworks */,
			);
			runOnlyForDeploymentPostprocessing = 0;
		};
/* End PBXFrameworksBuildPhase section */

/* Begin PBXGroup section */
		37362BC72A5AE89B00E2BAB7 /* Components */ = {
			isa = PBXGroup;
			children = (
				37362BCC2A5AFD9500E2BAB7 /* Cells */,
				37582C642A5B015A0008BCEC /* GenreBadge.swift */,
				37582C6A2A5B01750008BCEC /* GenreBadge.xib */,
				375F05132A5DBE5A003483B5 /* CollectionViewReusableViewHeader.swift */,
				375F05142A5DBE5A003483B5 /* CollectionViewReusableViewHeader.xib */,
			);
			path = Components;
			sourceTree = "<group>";
		};
		37362BCC2A5AFD9500E2BAB7 /* Cells */ = {
			isa = PBXGroup;
			children = (
				37362BC82A5AE8BF00E2BAB7 /* ReusableCollectionViewCell.swift */,
				37362BC92A5AE8BF00E2BAB7 /* ReusableCollectionViewCell.xib */,
			);
			path = Cells;
			sourceTree = "<group>";
		};
		37582C7B2A5B047B0008BCEC /* Helpers */ = {
			isa = PBXGroup;
			children = (
				37582C7C2A5B04B40008BCEC /* Ext_UIColor.swift */,
			);
			path = Helpers;
			sourceTree = "<group>";
		};
		3774D8422A548A4400E4047E /* Products */ = {
			isa = PBXGroup;
			children = (
				3774D8472A548A4400E4047E /* Data.framework */,
				3774D8492A548A4400E4047E /* DataTests.xctest */,
			);
			name = Products;
			sourceTree = "<group>";
		};
		37D1B27E2A62D9050081861F /* TvShowDetails */ = {
			isa = PBXGroup;
			children = (
				37D1B29D2A63EF230081861F /* Components */,
				37D1B2922A62DA0D0081861F /* Interactors */,
				37D1B2932A62DA440081861F /* TvShowDetailsVC.swift */,
				37D1B2942A62DA440081861F /* TvShowDetailsVC.xib */,
				37D1B2972A62DA670081861F /* TvShowDetailsViewModel.swift */,
			);
			path = TvShowDetails;
			sourceTree = "<group>";
		};
		37D1B2922A62DA0D0081861F /* Interactors */ = {
			isa = PBXGroup;
			children = (
				37D1B2992A62DAA00081861F /* TvShowDetailsState.swift */,
				37D1B29B2A62DAAE0081861F /* TvShowDetailsEvents.swift */,
			);
			path = Interactors;
			sourceTree = "<group>";
		};
		37D1B29D2A63EF230081861F /* Components */ = {
			isa = PBXGroup;
			children = (
				37D1B29E2A63EF790081861F /* OverviewView.swift */,
				37D1B2A02A63EF880081861F /* OverviewView.xib */,
			);
			path = Components;
			sourceTree = "<group>";
		};
		37D1B2BC2A641F300081861F /* Resources */ = {
			isa = PBXGroup;
			children = (
				37D1B2E62A64222E0081861F /* Animation */,
				37D1B2DE2A641F980081861F /* Typography */,
				37D1B2BD2A641F4A0081861F /* Font */,
			);
			path = Resources;
			sourceTree = "<group>";
		};
		37D1B2BD2A641F4A0081861F /* Font */ = {
			isa = PBXGroup;
			children = (
				37D1B2C52A641F610081861F /* Mulish-Black.ttf */,
				37D1B2CA2A641F620081861F /* Mulish-BlackItalic.ttf */,
				37D1B2C22A641F610081861F /* Mulish-Bold.ttf */,
				37D1B2CD2A641F620081861F /* Mulish-BoldItalic.ttf */,
				37D1B2CB2A641F620081861F /* Mulish-ExtraBold.ttf */,
				37D1B2C12A641F610081861F /* Mulish-ExtraBoldItalic.ttf */,
				37D1B2C72A641F610081861F /* Mulish-ExtraLight.ttf */,
				37D1B2C32A641F610081861F /* Mulish-ExtraLightItalic.ttf */,
				37D1B2C02A641F600081861F /* Mulish-Italic.ttf */,
				37D1B2C92A641F610081861F /* Mulish-Light.ttf */,
				37D1B2BF2A641F600081861F /* Mulish-LightItalic.ttf */,
				37D1B2CC2A641F620081861F /* Mulish-Medium.ttf */,
				37D1B2BE2A641F600081861F /* Mulish-MediumItalic.ttf */,
				37D1B2C82A641F610081861F /* Mulish-Regular.ttf */,
				37D1B2C42A641F610081861F /* Mulish-SemiBold.ttf */,
				37D1B2C62A641F610081861F /* Mulish-SemiBoldItalic.ttf */,
			);
			path = Font;
			sourceTree = "<group>";
		};
		37D1B2DE2A641F980081861F /* Typography */ = {
			isa = PBXGroup;
			children = (
				37D1B2DF2A641FB00081861F /* TextStyle.swift */,
				37D1B2E12A641FF30081861F /* Font.swift */,
			);
			path = Typography;
			sourceTree = "<group>";
		};
		37D1B2E62A64222E0081861F /* Animation */ = {
			isa = PBXGroup;
			children = (
				37D1B2EB2A6422380081861F /* loading.json */,
			);
			path = Animation;
			sourceTree = "<group>";
		};
		37E3B3872A50484200453170 = {
			isa = PBXGroup;
			children = (
				37E3B4262A51BA6700453170 /* Dependencies */,
				37E3B3922A50484300453170 /* TvShows */,
				37E3B3912A50484300453170 /* Products */,
				653EA4B427A492C318C09EF1 /* Pods */,
				BC3ABFC03E800FBE2F9A5FE1 /* Frameworks */,
			);
			sourceTree = "<group>";
		};
		37E3B3912A50484300453170 /* Products */ = {
			isa = PBXGroup;
			children = (
				37E3B3902A50484300453170 /* TvShows.app */,
			);
			name = Products;
			sourceTree = "<group>";
		};
		37E3B3922A50484300453170 /* TvShows */ = {
			isa = PBXGroup;
			children = (
				37582C7B2A5B047B0008BCEC /* Helpers */,
				37E3B3D42A51A73C00453170 /* Base */,
				37E3B3AA2A504FC000453170 /* Coordinators */,
				37E3B3AB2A504FC800453170 /* Controllers */,
				37E3B3DB2A51B23400453170 /* Extensions */,
				37D1B2BC2A641F300081861F /* Resources */,
				37E3B3932A50484300453170 /* AppDelegate.swift */,
				37E3B39C2A50484700453170 /* Assets.xcassets */,
				37E3B39E2A50484700453170 /* LaunchScreen.storyboard */,
				37E3B3A12A50484700453170 /* Info.plist */,
			);
			path = TvShows;
			sourceTree = "<group>";
		};
		37E3B3AA2A504FC000453170 /* Coordinators */ = {
			isa = PBXGroup;
			children = (
				37E3B3B12A50550D00453170 /* Coordinator.swift */,
				37E3B3B32A50587000453170 /* MainCoordinator.swift */,
			);
			path = Coordinators;
			sourceTree = "<group>";
		};
		37E3B3AB2A504FC800453170 /* Controllers */ = {
			isa = PBXGroup;
			children = (
				37E3B3AC2A504FFB00453170 /* TvShowsLanding */,
				37D1B27E2A62D9050081861F /* TvShowDetails */,
			);
			path = Controllers;
			sourceTree = "<group>";
		};
		37E3B3AC2A504FFB00453170 /* TvShowsLanding */ = {
			isa = PBXGroup;
			children = (
				37362BC72A5AE89B00E2BAB7 /* Components */,
				37E3B3CD2A51A4BB00453170 /* Interactors */,
				37E3B3AE2A50504500453170 /* TvShowsLandingVC.xib */,
				37E3B3AD2A50504500453170 /* TvShowsLandingVC.swift */,
				37E3B3CE2A51A4DA00453170 /* TvShowsLandingViewModel.swift */,
			);
			path = TvShowsLanding;
			sourceTree = "<group>";
		};
		37E3B3CD2A51A4BB00453170 /* Interactors */ = {
			isa = PBXGroup;
			children = (
				37E3B3D02A51A52400453170 /* TvShowsLandingState.swift */,
				37E3B3D22A51A53600453170 /* TvShowsLandingEvents.swift */,
			);
			path = Interactors;
			sourceTree = "<group>";
		};
		37E3B3D42A51A73C00453170 /* Base */ = {
			isa = PBXGroup;
			children = (
				37E3B3D52A51A75E00453170 /* BaseViewModel.swift */,
				37E3B3D72A51AD4B00453170 /* BaseNavigation.swift */,
				37E3B3D92A51B1A600453170 /* CoordinatorKeyImpl.swift */,
			);
			path = Base;
			sourceTree = "<group>";
		};
		37E3B3DB2A51B23400453170 /* Extensions */ = {
			isa = PBXGroup;
			children = (
				37E3B3DC2A51B25200453170 /* Ext_RXSwift.swift */,
				37D1B2782A62C6650081861F /* Ext_Array.swift */,
				37D1B2BA2A6418400081861F /* Ext_UIColor_colors.swift */,
			);
			path = Extensions;
			sourceTree = "<group>";
		};
		37E3B4262A51BA6700453170 /* Dependencies */ = {
			isa = PBXGroup;
			children = (
				37E3B4272A51BA7700453170 /* Domain.xcodeproj */,
				3774D8412A548A4400E4047E /* Data.xcodeproj */,
			);
			name = Dependencies;
			sourceTree = "<group>";
		};
		37E3B4282A51BA7700453170 /* Products */ = {
			isa = PBXGroup;
			children = (
				37E3B42D2A51BA7700453170 /* Domain.framework */,
				37E3B42F2A51BA7700453170 /* DomainTests.xctest */,
			);
			name = Products;
			sourceTree = "<group>";
		};
		653EA4B427A492C318C09EF1 /* Pods */ = {
			isa = PBXGroup;
			children = (
				F1173CB7BA27134D27BCA503 /* Pods-TvShows.debug.xcconfig */,
				D6315D962E797CE29D5A284F /* Pods-TvShows.release.xcconfig */,
			);
			path = Pods;
			sourceTree = "<group>";
		};
		BC3ABFC03E800FBE2F9A5FE1 /* Frameworks */ = {
			isa = PBXGroup;
			children = (
				A95575B5037E1AD0C22E3CB9 /* Pods_TvShows.framework */,
			);
			name = Frameworks;
			sourceTree = "<group>";
		};
/* End PBXGroup section */

/* Begin PBXNativeTarget section */
		37E3B38F2A50484300453170 /* TvShows */ = {
			isa = PBXNativeTarget;
			buildConfigurationList = 37E3B3A42A50484700453170 /* Build configuration list for PBXNativeTarget "TvShows" */;
			buildPhases = (
				3603EE2ABB12B8A8D701D6AA /* [CP] Check Pods Manifest.lock */,
				37E3B38C2A50484300453170 /* Sources */,
				37E3B38D2A50484300453170 /* Frameworks */,
				37E3B38E2A50484300453170 /* Resources */,
				42B8F9C5125BC75F5CEB27AD /* [CP] Embed Pods Frameworks */,
				37E3B4322A51BAAE00453170 /* Embed Frameworks */,
			);
			buildRules = (
			);
			dependencies = (
			);
			name = TvShows;
			productName = TvShows;
			productReference = 37E3B3902A50484300453170 /* TvShows.app */;
			productType = "com.apple.product-type.application";
		};
/* End PBXNativeTarget section */

/* Begin PBXProject section */
		37E3B3882A50484200453170 /* Project object */ = {
			isa = PBXProject;
			attributes = {
				BuildIndependentTargetsInParallel = 1;
				LastSwiftUpdateCheck = 1410;
				LastUpgradeCheck = 1410;
				TargetAttributes = {
					37E3B38F2A50484300453170 = {
						CreatedOnToolsVersion = 14.1;
					};
				};
			};
			buildConfigurationList = 37E3B38B2A50484200453170 /* Build configuration list for PBXProject "TvShows" */;
			compatibilityVersion = "Xcode 14.0";
			developmentRegion = en;
			hasScannedForEncodings = 0;
			knownRegions = (
				en,
				Base,
			);
			mainGroup = 37E3B3872A50484200453170;
			productRefGroup = 37E3B3912A50484300453170 /* Products */;
			projectDirPath = "";
			projectReferences = (
				{
					ProductGroup = 3774D8422A548A4400E4047E /* Products */;
					ProjectRef = 3774D8412A548A4400E4047E /* Data.xcodeproj */;
				},
				{
					ProductGroup = 37E3B4282A51BA7700453170 /* Products */;
					ProjectRef = 37E3B4272A51BA7700453170 /* Domain.xcodeproj */;
				},
			);
			projectRoot = "";
			targets = (
				37E3B38F2A50484300453170 /* TvShows */,
			);
		};
/* End PBXProject section */

/* Begin PBXReferenceProxy section */
		3774D8472A548A4400E4047E /* Data.framework */ = {
			isa = PBXReferenceProxy;
			fileType = wrapper.framework;
			path = Data.framework;
			remoteRef = 3774D8462A548A4400E4047E /* PBXContainerItemProxy */;
			sourceTree = BUILT_PRODUCTS_DIR;
		};
		3774D8492A548A4400E4047E /* DataTests.xctest */ = {
			isa = PBXReferenceProxy;
			fileType = wrapper.cfbundle;
			path = DataTests.xctest;
			remoteRef = 3774D8482A548A4400E4047E /* PBXContainerItemProxy */;
			sourceTree = BUILT_PRODUCTS_DIR;
		};
		37E3B42D2A51BA7700453170 /* Domain.framework */ = {
			isa = PBXReferenceProxy;
			fileType = wrapper.framework;
			path = Domain.framework;
			remoteRef = 37E3B42C2A51BA7700453170 /* PBXContainerItemProxy */;
			sourceTree = BUILT_PRODUCTS_DIR;
		};
		37E3B42F2A51BA7700453170 /* DomainTests.xctest */ = {
			isa = PBXReferenceProxy;
			fileType = wrapper.cfbundle;
			path = DomainTests.xctest;
			remoteRef = 37E3B42E2A51BA7700453170 /* PBXContainerItemProxy */;
			sourceTree = BUILT_PRODUCTS_DIR;
		};
/* End PBXReferenceProxy section */

/* Begin PBXResourcesBuildPhase section */
		37E3B38E2A50484300453170 /* Resources */ = {
			isa = PBXResourcesBuildPhase;
			buildActionMask = 2147483647;
			files = (
				37E3B3A02A50484700453170 /* LaunchScreen.storyboard in Resources */,
				37362BCB2A5AE8BF00E2BAB7 /* ReusableCollectionViewCell.xib in Resources */,
				37D1B2D82A641F620081861F /* Mulish-Regular.ttf in Resources */,
				37D1B2D62A641F620081861F /* Mulish-SemiBoldItalic.ttf in Resources */,
				37582C6B2A5B01750008BCEC /* GenreBadge.xib in Resources */,
				37D1B2D02A641F620081861F /* Mulish-Italic.ttf in Resources */,
				37D1B2A12A63EF880081861F /* OverviewView.xib in Resources */,
				37D1B2D92A641F620081861F /* Mulish-Light.ttf in Resources */,
				37D1B2D72A641F620081861F /* Mulish-ExtraLight.ttf in Resources */,
				37D1B2EC2A6422380081861F /* loading.json in Resources */,
				37D1B2DC2A641F620081861F /* Mulish-Medium.ttf in Resources */,
				37D1B2D22A641F620081861F /* Mulish-Bold.ttf in Resources */,
				37D1B2D32A641F620081861F /* Mulish-ExtraLightItalic.ttf in Resources */,
				37D1B2CE2A641F620081861F /* Mulish-MediumItalic.ttf in Resources */,
				37D1B2D52A641F620081861F /* Mulish-Black.ttf in Resources */,
				37D1B2CF2A641F620081861F /* Mulish-LightItalic.ttf in Resources */,
				37D1B2DD2A641F620081861F /* Mulish-BoldItalic.ttf in Resources */,
				37D1B2D42A641F620081861F /* Mulish-SemiBold.ttf in Resources */,
				37D1B2962A62DA440081861F /* TvShowDetailsVC.xib in Resources */,
				37D1B2DB2A641F620081861F /* Mulish-ExtraBold.ttf in Resources */,
				37D1B2D12A641F620081861F /* Mulish-ExtraBoldItalic.ttf in Resources */,
				37D1B2DA2A641F620081861F /* Mulish-BlackItalic.ttf in Resources */,
				37E3B3B02A50504500453170 /* TvShowsLandingVC.xib in Resources */,
				37E3B39D2A50484700453170 /* Assets.xcassets in Resources */,
				375F05162A5DBE5A003483B5 /* CollectionViewReusableViewHeader.xib in Resources */,
			);
			runOnlyForDeploymentPostprocessing = 0;
		};
/* End PBXResourcesBuildPhase section */

/* Begin PBXShellScriptBuildPhase section */
		3603EE2ABB12B8A8D701D6AA /* [CP] Check Pods Manifest.lock */ = {
			isa = PBXShellScriptBuildPhase;
			buildActionMask = 2147483647;
			files = (
			);
			inputFileListPaths = (
			);
			inputPaths = (
				"${PODS_PODFILE_DIR_PATH}/Podfile.lock",
				"${PODS_ROOT}/Manifest.lock",
			);
			name = "[CP] Check Pods Manifest.lock";
			outputFileListPaths = (
			);
			outputPaths = (
				"$(DERIVED_FILE_DIR)/Pods-TvShows-checkManifestLockResult.txt",
			);
			runOnlyForDeploymentPostprocessing = 0;
			shellPath = /bin/sh;
			shellScript = "diff \"${PODS_PODFILE_DIR_PATH}/Podfile.lock\" \"${PODS_ROOT}/Manifest.lock\" > /dev/null\nif [ $? != 0 ] ; then\n    # print error to STDERR\n    echo \"error: The sandbox is not in sync with the Podfile.lock. Run 'pod install' or update your CocoaPods installation.\" >&2\n    exit 1\nfi\n# This output is used by Xcode 'outputs' to avoid re-running this script phase.\necho \"SUCCESS\" > \"${SCRIPT_OUTPUT_FILE_0}\"\n";
			showEnvVarsInLog = 0;
		};
		42B8F9C5125BC75F5CEB27AD /* [CP] Embed Pods Frameworks */ = {
			isa = PBXShellScriptBuildPhase;
			buildActionMask = 2147483647;
			files = (
			);
			inputFileListPaths = (
				"${PODS_ROOT}/Target Support Files/Pods-TvShows/Pods-TvShows-frameworks-${CONFIGURATION}-input-files.xcfilelist",
			);
			name = "[CP] Embed Pods Frameworks";
			outputFileListPaths = (
				"${PODS_ROOT}/Target Support Files/Pods-TvShows/Pods-TvShows-frameworks-${CONFIGURATION}-output-files.xcfilelist",
			);
			runOnlyForDeploymentPostprocessing = 0;
			shellPath = /bin/sh;
			shellScript = "\"${PODS_ROOT}/Target Support Files/Pods-TvShows/Pods-TvShows-frameworks.sh\"\n";
			showEnvVarsInLog = 0;
		};
/* End PBXShellScriptBuildPhase section */

/* Begin PBXSourcesBuildPhase section */
		37E3B38C2A50484300453170 /* Sources */ = {
			isa = PBXSourcesBuildPhase;
			buildActionMask = 2147483647;
			files = (
				37E3B3D12A51A52400453170 /* TvShowsLandingState.swift in Sources */,
				37E3B3D62A51A75E00453170 /* BaseViewModel.swift in Sources */,
				37D1B29C2A62DAAE0081861F /* TvShowDetailsEvents.swift in Sources */,
				37E3B3B42A50587000453170 /* MainCoordinator.swift in Sources */,
				37D1B2E02A641FB00081861F /* TextStyle.swift in Sources */,
				37582C652A5B015A0008BCEC /* GenreBadge.swift in Sources */,
				37E3B3AF2A50504500453170 /* TvShowsLandingVC.swift in Sources */,
				37E3B3CF2A51A4DA00453170 /* TvShowsLandingViewModel.swift in Sources */,
				37D1B2BB2A6418400081861F /* Ext_UIColor_colors.swift in Sources */,
				37D1B2982A62DA670081861F /* TvShowDetailsViewModel.swift in Sources */,
				37D1B2952A62DA440081861F /* TvShowDetailsVC.swift in Sources */,
				37D1B29A2A62DAA00081861F /* TvShowDetailsState.swift in Sources */,
				37E3B3D82A51AD4B00453170 /* BaseNavigation.swift in Sources */,
				37362BCA2A5AE8BF00E2BAB7 /* ReusableCollectionViewCell.swift in Sources */,
				37E3B3B22A50550D00453170 /* Coordinator.swift in Sources */,
				37D1B29F2A63EF790081861F /* OverviewView.swift in Sources */,
				37D1B2792A62C6650081861F /* Ext_Array.swift in Sources */,
				37E3B3942A50484300453170 /* AppDelegate.swift in Sources */,
				37E3B3D32A51A53600453170 /* TvShowsLandingEvents.swift in Sources */,
				37582C7D2A5B04B40008BCEC /* Ext_UIColor.swift in Sources */,
				37D1B2E22A641FF30081861F /* Font.swift in Sources */,
				37E3B3DA2A51B1A600453170 /* CoordinatorKeyImpl.swift in Sources */,
				375F05152A5DBE5A003483B5 /* CollectionViewReusableViewHeader.swift in Sources */,
				37E3B3DD2A51B25200453170 /* Ext_RXSwift.swift in Sources */,
			);
			runOnlyForDeploymentPostprocessing = 0;
		};
/* End PBXSourcesBuildPhase section */

/* Begin PBXVariantGroup section */
		37E3B39E2A50484700453170 /* LaunchScreen.storyboard */ = {
			isa = PBXVariantGroup;
			children = (
				37E3B39F2A50484700453170 /* Base */,
			);
			name = LaunchScreen.storyboard;
			sourceTree = "<group>";
		};
/* End PBXVariantGroup section */

/* Begin XCBuildConfiguration section */
		37E3B3A22A50484700453170 /* Debug */ = {
			isa = XCBuildConfiguration;
			buildSettings = {
				ALWAYS_SEARCH_USER_PATHS = NO;
				CLANG_ANALYZER_NONNULL = YES;
				CLANG_ANALYZER_NUMBER_OBJECT_CONVERSION = YES_AGGRESSIVE;
				CLANG_CXX_LANGUAGE_STANDARD = "gnu++20";
				CLANG_ENABLE_MODULES = YES;
				CLANG_ENABLE_OBJC_ARC = YES;
				CLANG_ENABLE_OBJC_WEAK = YES;
				CLANG_WARN_BLOCK_CAPTURE_AUTORELEASING = YES;
				CLANG_WARN_BOOL_CONVERSION = YES;
				CLANG_WARN_COMMA = YES;
				CLANG_WARN_CONSTANT_CONVERSION = YES;
				CLANG_WARN_DEPRECATED_OBJC_IMPLEMENTATIONS = YES;
				CLANG_WARN_DIRECT_OBJC_ISA_USAGE = YES_ERROR;
				CLANG_WARN_DOCUMENTATION_COMMENTS = YES;
				CLANG_WARN_EMPTY_BODY = YES;
				CLANG_WARN_ENUM_CONVERSION = YES;
				CLANG_WARN_INFINITE_RECURSION = YES;
				CLANG_WARN_INT_CONVERSION = YES;
				CLANG_WARN_NON_LITERAL_NULL_CONVERSION = YES;
				CLANG_WARN_OBJC_IMPLICIT_RETAIN_SELF = YES;
				CLANG_WARN_OBJC_LITERAL_CONVERSION = YES;
				CLANG_WARN_OBJC_ROOT_CLASS = YES_ERROR;
				CLANG_WARN_QUOTED_INCLUDE_IN_FRAMEWORK_HEADER = YES;
				CLANG_WARN_RANGE_LOOP_ANALYSIS = YES;
				CLANG_WARN_STRICT_PROTOTYPES = YES;
				CLANG_WARN_SUSPICIOUS_MOVE = YES;
				CLANG_WARN_UNGUARDED_AVAILABILITY = YES_AGGRESSIVE;
				CLANG_WARN_UNREACHABLE_CODE = YES;
				CLANG_WARN__DUPLICATE_METHOD_MATCH = YES;
				COPY_PHASE_STRIP = NO;
				DEBUG_INFORMATION_FORMAT = dwarf;
				ENABLE_STRICT_OBJC_MSGSEND = YES;
				ENABLE_TESTABILITY = YES;
				GCC_C_LANGUAGE_STANDARD = gnu11;
				GCC_DYNAMIC_NO_PIC = NO;
				GCC_NO_COMMON_BLOCKS = YES;
				GCC_OPTIMIZATION_LEVEL = 0;
				GCC_PREPROCESSOR_DEFINITIONS = (
					"DEBUG=1",
					"$(inherited)",
				);
				GCC_WARN_64_TO_32_BIT_CONVERSION = YES;
				GCC_WARN_ABOUT_RETURN_TYPE = YES_ERROR;
				GCC_WARN_UNDECLARED_SELECTOR = YES;
				GCC_WARN_UNINITIALIZED_AUTOS = YES_AGGRESSIVE;
				GCC_WARN_UNUSED_FUNCTION = YES;
				GCC_WARN_UNUSED_VARIABLE = YES;
				IPHONEOS_DEPLOYMENT_TARGET = 13.0;
				MTL_ENABLE_DEBUG_INFO = INCLUDE_SOURCE;
				MTL_FAST_MATH = YES;
				ONLY_ACTIVE_ARCH = YES;
				SDKROOT = iphoneos;
				SWIFT_ACTIVE_COMPILATION_CONDITIONS = DEBUG;
				SWIFT_OPTIMIZATION_LEVEL = "-Onone";
			};
			name = Debug;
		};
		37E3B3A32A50484700453170 /* Release */ = {
			isa = XCBuildConfiguration;
			buildSettings = {
				ALWAYS_SEARCH_USER_PATHS = NO;
				CLANG_ANALYZER_NONNULL = YES;
				CLANG_ANALYZER_NUMBER_OBJECT_CONVERSION = YES_AGGRESSIVE;
				CLANG_CXX_LANGUAGE_STANDARD = "gnu++20";
				CLANG_ENABLE_MODULES = YES;
				CLANG_ENABLE_OBJC_ARC = YES;
				CLANG_ENABLE_OBJC_WEAK = YES;
				CLANG_WARN_BLOCK_CAPTURE_AUTORELEASING = YES;
				CLANG_WARN_BOOL_CONVERSION = YES;
				CLANG_WARN_COMMA = YES;
				CLANG_WARN_CONSTANT_CONVERSION = YES;
				CLANG_WARN_DEPRECATED_OBJC_IMPLEMENTATIONS = YES;
				CLANG_WARN_DIRECT_OBJC_ISA_USAGE = YES_ERROR;
				CLANG_WARN_DOCUMENTATION_COMMENTS = YES;
				CLANG_WARN_EMPTY_BODY = YES;
				CLANG_WARN_ENUM_CONVERSION = YES;
				CLANG_WARN_INFINITE_RECURSION = YES;
				CLANG_WARN_INT_CONVERSION = YES;
				CLANG_WARN_NON_LITERAL_NULL_CONVERSION = YES;
				CLANG_WARN_OBJC_IMPLICIT_RETAIN_SELF = YES;
				CLANG_WARN_OBJC_LITERAL_CONVERSION = YES;
				CLANG_WARN_OBJC_ROOT_CLASS = YES_ERROR;
				CLANG_WARN_QUOTED_INCLUDE_IN_FRAMEWORK_HEADER = YES;
				CLANG_WARN_RANGE_LOOP_ANALYSIS = YES;
				CLANG_WARN_STRICT_PROTOTYPES = YES;
				CLANG_WARN_SUSPICIOUS_MOVE = YES;
				CLANG_WARN_UNGUARDED_AVAILABILITY = YES_AGGRESSIVE;
				CLANG_WARN_UNREACHABLE_CODE = YES;
				CLANG_WARN__DUPLICATE_METHOD_MATCH = YES;
				COPY_PHASE_STRIP = NO;
				DEBUG_INFORMATION_FORMAT = "dwarf-with-dsym";
				ENABLE_NS_ASSERTIONS = NO;
				ENABLE_STRICT_OBJC_MSGSEND = YES;
				GCC_C_LANGUAGE_STANDARD = gnu11;
				GCC_NO_COMMON_BLOCKS = YES;
				GCC_WARN_64_TO_32_BIT_CONVERSION = YES;
				GCC_WARN_ABOUT_RETURN_TYPE = YES_ERROR;
				GCC_WARN_UNDECLARED_SELECTOR = YES;
				GCC_WARN_UNINITIALIZED_AUTOS = YES_AGGRESSIVE;
				GCC_WARN_UNUSED_FUNCTION = YES;
				GCC_WARN_UNUSED_VARIABLE = YES;
				IPHONEOS_DEPLOYMENT_TARGET = 13.0;
				MTL_ENABLE_DEBUG_INFO = NO;
				MTL_FAST_MATH = YES;
				SDKROOT = iphoneos;
				SWIFT_COMPILATION_MODE = wholemodule;
				SWIFT_OPTIMIZATION_LEVEL = "-O";
				VALIDATE_PRODUCT = YES;
			};
			name = Release;
		};
		37E3B3A52A50484700453170 /* Debug */ = {
			isa = XCBuildConfiguration;
			baseConfigurationReference = F1173CB7BA27134D27BCA503 /* Pods-TvShows.debug.xcconfig */;
			buildSettings = {
				ASSETCATALOG_COMPILER_APPICON_NAME = AppIcon;
				ASSETCATALOG_COMPILER_GLOBAL_ACCENT_COLOR_NAME = AccentColor;
				CODE_SIGN_STYLE = Automatic;
				CURRENT_PROJECT_VERSION = 1;
				DEVELOPMENT_TEAM = WM884556MS;
				GENERATE_INFOPLIST_FILE = YES;
				INFOPLIST_FILE = TvShows/Info.plist;
				INFOPLIST_KEY_UIApplicationSupportsIndirectInputEvents = YES;
				INFOPLIST_KEY_UILaunchStoryboardName = LaunchScreen;
				INFOPLIST_KEY_UIMainStoryboardFile = LaunchScreen;
				INFOPLIST_KEY_UISupportedInterfaceOrientations = UIInterfaceOrientationPortrait;
				INFOPLIST_KEY_UISupportedInterfaceOrientations_iPad = "UIInterfaceOrientationLandscapeLeft UIInterfaceOrientationLandscapeRight UIInterfaceOrientationPortrait";
				IPHONEOS_DEPLOYMENT_TARGET = 13.0;
				LD_RUNPATH_SEARCH_PATHS = (
					"$(inherited)",
					"@executable_path/Frameworks",
				);
				MARKETING_VERSION = 1.0;
				PRODUCT_BUNDLE_IDENTIFIER = gr.portfolio.TvShows;
				PRODUCT_NAME = "$(TARGET_NAME)";
				SUPPORTED_PLATFORMS = "iphoneos iphonesimulator";
				SUPPORTS_MACCATALYST = NO;
				SUPPORTS_MAC_DESIGNED_FOR_IPHONE_IPAD = NO;
				SWIFT_EMIT_LOC_STRINGS = YES;
				SWIFT_VERSION = 5.0;
				TARGETED_DEVICE_FAMILY = 1;
			};
			name = Debug;
		};
		37E3B3A62A50484700453170 /* Release */ = {
			isa = XCBuildConfiguration;
			baseConfigurationReference = D6315D962E797CE29D5A284F /* Pods-TvShows.release.xcconfig */;
			buildSettings = {
				ASSETCATALOG_COMPILER_APPICON_NAME = AppIcon;
				ASSETCATALOG_COMPILER_GLOBAL_ACCENT_COLOR_NAME = AccentColor;
				CODE_SIGN_STYLE = Automatic;
				CURRENT_PROJECT_VERSION = 1;
				DEVELOPMENT_TEAM = WM884556MS;
				GENERATE_INFOPLIST_FILE = YES;
				INFOPLIST_FILE = TvShows/Info.plist;
				INFOPLIST_KEY_UIApplicationSupportsIndirectInputEvents = YES;
				INFOPLIST_KEY_UILaunchStoryboardName = LaunchScreen;
				INFOPLIST_KEY_UIMainStoryboardFile = LaunchScreen;
				INFOPLIST_KEY_UISupportedInterfaceOrientations = UIInterfaceOrientationPortrait;
				INFOPLIST_KEY_UISupportedInterfaceOrientations_iPad = "UIInterfaceOrientationLandscapeLeft UIInterfaceOrientationLandscapeRight UIInterfaceOrientationPortrait";
				IPHONEOS_DEPLOYMENT_TARGET = 13.0;
				LD_RUNPATH_SEARCH_PATHS = (
					"$(inherited)",
					"@executable_path/Frameworks",
				);
				MARKETING_VERSION = 1.0;
				PRODUCT_BUNDLE_IDENTIFIER = gr.portfolio.TvShows;
				PRODUCT_NAME = "$(TARGET_NAME)";
				SUPPORTED_PLATFORMS = "iphoneos iphonesimulator";
				SUPPORTS_MACCATALYST = NO;
				SUPPORTS_MAC_DESIGNED_FOR_IPHONE_IPAD = NO;
				SWIFT_EMIT_LOC_STRINGS = YES;
				SWIFT_VERSION = 5.0;
				TARGETED_DEVICE_FAMILY = 1;
			};
			name = Release;
		};
/* End XCBuildConfiguration section */

/* Begin XCConfigurationList section */
		37E3B38B2A50484200453170 /* Build configuration list for PBXProject "TvShows" */ = {
			isa = XCConfigurationList;
			buildConfigurations = (
				37E3B3A22A50484700453170 /* Debug */,
				37E3B3A32A50484700453170 /* Release */,
			);
			defaultConfigurationIsVisible = 0;
			defaultConfigurationName = Release;
		};
		37E3B3A42A50484700453170 /* Build configuration list for PBXNativeTarget "TvShows" */ = {
			isa = XCConfigurationList;
			buildConfigurations = (
				37E3B3A52A50484700453170 /* Debug */,
				37E3B3A62A50484700453170 /* Release */,
			);
			defaultConfigurationIsVisible = 0;
			defaultConfigurationName = Release;
		};
/* End XCConfigurationList section */
	};
	rootObject = 37E3B3882A50484200453170 /* Project object */;
}
